
Microsoft Visual Studio Solution File, Format Version 12.00
# Visual Studio Version 16
VisualStudioVersion = 16.0.30011.22
MinimumVisualStudioVersion = 10.0.40219.1
Project("{FAE04EC0-301F-11D3-BF4B-00C04F79EFBC}") = "Task11", "Task11\Task11.csproj", "{6ECD5732-A003-4ABC-8665-DA82E9A92149}"
EndProject
Global
	GlobalSection(SolutionConfigurationPlatforms) = preSolution
		Debug|Any CPU = Debug|Any CPU
		Release|Any CPU = Release|Any CPU
	EndGlobalSection
	GlobalSection(ProjectConfigurationPlatforms) = postSolution
		{6ECD5732-A003-4ABC-8665-DA82E9A92149}.Debug|Any CPU.ActiveCfg = Debug|Any CPU
		{6ECD5732-A003-4ABC-8665-DA82E9A92149}.Debug|Any CPU.Build.0 = Debug|Any CPU
		{6ECD5732-A003-4ABC-8665-DA82E9A92149}.Release|Any CPU.ActiveCfg = Release|Any CPU
		{6ECD5732-A003-4ABC-8665-DA82E9A92149}.Release|Any CPU.Build.0 = Release|Any CPU
	EndGlobalSection
	GlobalSection(SolutionProperties) = preSolution
		HideSolutionNode = FALSE
	EndGlobalSection
	GlobalSection(ExtensibilityGlobals) = postSolution
		SolutionGuid = {9F337CB6-9C59-4DA0-A124-C37F98A13D8E}
	EndGlobalSection
EndGlobal
